github.com/maolonglong/hugo-simple v0.0.0-20250420074700-2e24c64fad4f h1:PxKkjqUgrMc1adjD0Z7me0Y9uk3YtvmHcGmGsa+IUgg=
github.com/maolonglong/hugo-simple v0.0.0-20250420074700-2e24c64fad4f/go.mod h1:RCoYRfX65nAcc7yY8C5Xn3ynVroBIY//UHa2wcJpQtw=
github.com/maolonglong/hugo-simple v0.0.0-20250421165515-964f4b27eefe h1:skxZHcMmFT7kwkLTfFd/Z6Ggl885wZDCJNMKdXCox/c=
github.com/maolonglong/hugo-simple v0.0.0-20250421165515-964f4b27eefe/go.mod h1:RCoYRfX65nAcc7yY8C5Xn3ynVroBIY//UHa2wcJpQtw=
