github.com/maolonglong/hugo-simple v0.0.0-20241018131242-ed4be5c228d6 h1:lWjPiWzdyWyw+672TyYzKLOX1e73uO0e72nql9UCj2k=
github.com/maolonglong/hugo-simple v0.0.0-20241018131242-ed4be5c228d6/go.mod h1:RCoYRfX65nAcc7yY8C5Xn3ynVroBIY//UHa2wcJpQtw=
github.com/maolonglong/hugo-simple v0.0.0-20250119140724-d0a62c801b88 h1:XWCaAe+KGniDG9v2JCDc915BehZRR4xJ6iqr4DGxdgA=
github.com/maolonglong/hugo-simple v0.0.0-20250119140724-d0a62c801b88/go.mod h1:RCoYRfX65nAcc7yY8C5Xn3ynVroBIY//UHa2wcJpQtw=
github.com/maolonglong/hugo-simple v0.0.0-20250127092321-533f89e0fabf h1:5450kcSmvjtBMMTIM/scbUdX3lN9PY7IyHcC4LwKPUY=
github.com/maolonglong/hugo-simple v0.0.0-20250127092321-533f89e0fabf/go.mod h1:RCoYRfX65nAcc7yY8C5Xn3ynVroBIY//UHa2wcJpQtw=
github.com/maolonglong/hugo-simple v0.0.0-20250218044534-77257d5aed78 h1:fYHvQ6k6uB5kJ9BrnEg9MwIAFkcTwdbWOxqFA5wwXtY=
github.com/maolonglong/hugo-simple v0.0.0-20250218044534-77257d5aed78/go.mod h1:RCoYRfX65nAcc7yY8C5Xn3ynVroBIY//UHa2wcJpQtw=
github.com/maolonglong/hugo-simple v0.0.0-20250318040636-92b92d7720ab h1:LxFV/wY0o893+Pn0Uo+j+KynD2F9jIulSK3KGbPiK2g=
github.com/maolonglong/hugo-simple v0.0.0-20250318040636-92b92d7720ab/go.mod h1:RCoYRfX65nAcc7yY8C5Xn3ynVroBIY//UHa2wcJpQtw=
