github.com/maolonglong/hugo-simple v0.0.0-20250909020113-28cf1c0de822 h1:p/4Xzt11CwacV670p1RW+brvqpa2lTFMcVkTA0FpEnY=
github.com/maolonglong/hugo-simple v0.0.0-20250909020113-28cf1c0de822/go.mod h1:RCoYRfX65nAcc7yY8C5Xn3ynVroBIY//UHa2wcJpQtw=
github.com/maolonglong/hugo-simple v0.0.0-20260306042555-91c8359be87e h1:67+WYQlxW0IWkZ/6cX8u7IFRNBE+pWfV4ajv2QNKttQ=
github.com/maolonglong/hugo-simple v0.0.0-20260306042555-91c8359be87e/go.mod h1:RCoYRfX65nAcc7yY8C5Xn3ynVroBIY//UHa2wcJpQtw=
